
Microsoft Visual Studio Solution File, Format Version 12.00
# Visual Studio Version 16
VisualStudioVersion = 16.0.30717.126
MinimumVisualStudioVersion = 10.0.40219.1
Project("{FAE04EC0-301F-11D3-BF4B-00C04F79EFBC}") = "OmahaDemoService", "OmahaDemoService.csproj", "{F31819C6-C963-45F0-9AC8-8C9BCB799280}"
EndProject
Global
	GlobalSection(SolutionConfigurationPlatforms) = preSolution
		Debug|Any CPU = Debug|Any CPU
		Release|Any CPU = Release|Any CPU
	EndGlobalSection
	GlobalSection(ProjectConfigurationPlatforms) = postSolution
		{F31819C6-C963-45F0-9AC8-8C9BCB799280}.Debug|Any CPU.ActiveCfg = Debug|Any CPU
		{F31819C6-C963-45F0-9AC8-8C9BCB799280}.Debug|Any CPU.Build.0 = Debug|Any CPU
		{F31819C6-C963-45F0-9AC8-8C9BCB799280}.Release|Any CPU.ActiveCfg = Release|Any CPU
		{F31819C6-C963-45F0-9AC8-8C9BCB799280}.Release|Any CPU.Build.0 = Release|Any CPU
	EndGlobalSection
	GlobalSection(SolutionProperties) = preSolution
		HideSolutionNode = FALSE
	EndGlobalSection
	GlobalSection(ExtensibilityGlobals) = postSolution
		SolutionGuid = {F45CEE03-D919-48D9-B0DF-8661EC8FB7EB}
	EndGlobalSection
EndGlobal
